
Microsoft Visual Studio Solution File, Format Version 12.00
# Visual Studio 14
VisualStudioVersion = 14.0.24720.0
MinimumVisualStudioVersion = 10.0.40219.1
Project("{FAE04EC0-301F-11D3-BF4B-00C04F79EFBC}") = "CarApplication", "CarApplication\CarApplication.csproj", "{0540C5FB-C6DB-4455-BF10-E627DF883955}"
EndProject
Project("{FAE04EC0-301F-11D3-BF4B-00C04F79EFBC}") = "NewPerson", "NewPerson\NewPerson.csproj", "{1B8FBADD-118B-44A1-AD00-CE34D2581124}"
EndProject
Project("{FAE04EC0-301F-11D3-BF4B-00C04F79EFBC}") = "T1", "T1\T1.csproj", "{6AC054BB-8D70-4724-B4FA-467B1C2B8A78}"
EndProject
Project("{FAE04EC0-301F-11D3-BF4B-00C04F79EFBC}") = "T2", "T2\T2.csproj", "{520A5D76-CC47-481B-949C-C31263E4310F}"
EndProject
Project("{FAE04EC0-301F-11D3-BF4B-00C04F79EFBC}") = "KT5", "KT5\KT5.csproj", "{ABA9FF76-6F14-4F3B-BE50-CB300907EA3C}"
EndProject
Global
	GlobalSection(SolutionConfigurationPlatforms) = preSolution
		Debug|Any CPU = Debug|Any CPU
		Release|Any CPU = Release|Any CPU
	EndGlobalSection
	GlobalSection(ProjectConfigurationPlatforms) = postSolution
		{0540C5FB-C6DB-4455-BF10-E627DF883955}.Debug|Any CPU.ActiveCfg = Debug|Any CPU
		{0540C5FB-C6DB-4455-BF10-E627DF883955}.Debug|Any CPU.Build.0 = Debug|Any CPU
		{0540C5FB-C6DB-4455-BF10-E627DF883955}.Release|Any CPU.ActiveCfg = Release|Any CPU
		{0540C5FB-C6DB-4455-BF10-E627DF883955}.Release|Any CPU.Build.0 = Release|Any CPU
		{1B8FBADD-118B-44A1-AD00-CE34D2581124}.Debug|Any CPU.ActiveCfg = Debug|Any CPU
		{1B8FBADD-118B-44A1-AD00-CE34D2581124}.Debug|Any CPU.Build.0 = Debug|Any CPU
		{1B8FBADD-118B-44A1-AD00-CE34D2581124}.Release|Any CPU.ActiveCfg = Release|Any CPU
		{1B8FBADD-118B-44A1-AD00-CE34D2581124}.Release|Any CPU.Build.0 = Release|Any CPU
		{6AC054BB-8D70-4724-B4FA-467B1C2B8A78}.Debug|Any CPU.ActiveCfg = Debug|Any CPU
		{6AC054BB-8D70-4724-B4FA-467B1C2B8A78}.Debug|Any CPU.Build.0 = Debug|Any CPU
		{6AC054BB-8D70-4724-B4FA-467B1C2B8A78}.Release|Any CPU.ActiveCfg = Release|Any CPU
		{6AC054BB-8D70-4724-B4FA-467B1C2B8A78}.Release|Any CPU.Build.0 = Release|Any CPU
		{520A5D76-CC47-481B-949C-C31263E4310F}.Debug|Any CPU.ActiveCfg = Debug|Any CPU
		{520A5D76-CC47-481B-949C-C31263E4310F}.Debug|Any CPU.Build.0 = Debug|Any CPU
		{520A5D76-CC47-481B-949C-C31263E4310F}.Release|Any CPU.ActiveCfg = Release|Any CPU
		{520A5D76-CC47-481B-949C-C31263E4310F}.Release|Any CPU.Build.0 = Release|Any CPU
		{ABA9FF76-6F14-4F3B-BE50-CB300907EA3C}.Debug|Any CPU.ActiveCfg = Debug|Any CPU
		{ABA9FF76-6F14-4F3B-BE50-CB300907EA3C}.Debug|Any CPU.Build.0 = Debug|Any CPU
		{ABA9FF76-6F14-4F3B-BE50-CB300907EA3C}.Release|Any CPU.ActiveCfg = Release|Any CPU
		{ABA9FF76-6F14-4F3B-BE50-CB300907EA3C}.Release|Any CPU.Build.0 = Release|Any CPU
	EndGlobalSection
	GlobalSection(SolutionProperties) = preSolution
		HideSolutionNode = FALSE
	EndGlobalSection
EndGlobal
