
Microsoft Visual Studio Solution File, Format Version 12.00
# Visual Studio 14
VisualStudioVersion = 14.0.24720.0
MinimumVisualStudioVersion = 10.0.40219.1
Project("{FAE04EC0-301F-11D3-BF4B-00C04F79EFBC}") = "Harjoitus7", "KarkausV\Harjoitus7.csproj", "{63E684E9-8DDA-4AB7-82B5-D568753C5D0B}"
EndProject
Project("{FAE04EC0-301F-11D3-BF4B-00C04F79EFBC}") = "Harjoitus8", "Harjoitus8\Harjoitus8.csproj", "{0D65A80F-FE15-4182-8FA5-8D94F788770E}"
EndProject
Project("{FAE04EC0-301F-11D3-BF4B-00C04F79EFBC}") = "Harjoitus9", "Harjoitus9\Harjoitus9.csproj", "{4AF212E3-EF23-4DBC-ADD8-37B6863DF969}"
EndProject
Project("{FAE04EC0-301F-11D3-BF4B-00C04F79EFBC}") = "Harjoitus10", "Harjoitus10\Harjoitus10.csproj", "{66FE4982-741F-48EF-AF40-77E2887B668D}"
EndProject
Global
	GlobalSection(SolutionConfigurationPlatforms) = preSolution
		Debug|Any CPU = Debug|Any CPU
		Release|Any CPU = Release|Any CPU
	EndGlobalSection
	GlobalSection(ProjectConfigurationPlatforms) = postSolution
		{63E684E9-8DDA-4AB7-82B5-D568753C5D0B}.Debug|Any CPU.ActiveCfg = Debug|Any CPU
		{63E684E9-8DDA-4AB7-82B5-D568753C5D0B}.Debug|Any CPU.Build.0 = Debug|Any CPU
		{63E684E9-8DDA-4AB7-82B5-D568753C5D0B}.Release|Any CPU.ActiveCfg = Release|Any CPU
		{63E684E9-8DDA-4AB7-82B5-D568753C5D0B}.Release|Any CPU.Build.0 = Release|Any CPU
		{0D65A80F-FE15-4182-8FA5-8D94F788770E}.Debug|Any CPU.ActiveCfg = Debug|Any CPU
		{0D65A80F-FE15-4182-8FA5-8D94F788770E}.Debug|Any CPU.Build.0 = Debug|Any CPU
		{0D65A80F-FE15-4182-8FA5-8D94F788770E}.Release|Any CPU.ActiveCfg = Release|Any CPU
		{0D65A80F-FE15-4182-8FA5-8D94F788770E}.Release|Any CPU.Build.0 = Release|Any CPU
		{4AF212E3-EF23-4DBC-ADD8-37B6863DF969}.Debug|Any CPU.ActiveCfg = Debug|Any CPU
		{4AF212E3-EF23-4DBC-ADD8-37B6863DF969}.Debug|Any CPU.Build.0 = Debug|Any CPU
		{4AF212E3-EF23-4DBC-ADD8-37B6863DF969}.Release|Any CPU.ActiveCfg = Release|Any CPU
		{4AF212E3-EF23-4DBC-ADD8-37B6863DF969}.Release|Any CPU.Build.0 = Release|Any CPU
		{66FE4982-741F-48EF-AF40-77E2887B668D}.Debug|Any CPU.ActiveCfg = Debug|Any CPU
		{66FE4982-741F-48EF-AF40-77E2887B668D}.Debug|Any CPU.Build.0 = Debug|Any CPU
		{66FE4982-741F-48EF-AF40-77E2887B668D}.Release|Any CPU.ActiveCfg = Release|Any CPU
		{66FE4982-741F-48EF-AF40-77E2887B668D}.Release|Any CPU.Build.0 = Release|Any CPU
	EndGlobalSection
	GlobalSection(SolutionProperties) = preSolution
		HideSolutionNode = FALSE
	EndGlobalSection
EndGlobal
