
Microsoft Visual Studio Solution File, Format Version 12.00
# Visual Studio 14
VisualStudioVersion = 14.0.24720.0
MinimumVisualStudioVersion = 10.0.40219.1
Project("{FAE04EC0-301F-11D3-BF4B-00C04F79EFBC}") = "CarApp", "Demot\CarApp.csproj", "{36F7A694-8B56-4B57-AA61-46C735A0D172}"
EndProject
Project("{FAE04EC0-301F-11D3-BF4B-00C04F79EFBC}") = "Heater", "Heater\Heater.csproj", "{924D9856-94B7-44D3-B356-A67B3C8F180E}"
EndProject
Project("{FAE04EC0-301F-11D3-BF4B-00C04F79EFBC}") = "KT4", "KT4\KT4.csproj", "{E404E424-C04E-4FE5-A0DB-6D9868D2B802}"
EndProject
Project("{FAE04EC0-301F-11D3-BF4B-00C04F79EFBC}") = "KT5", "KT5\KT5.csproj", "{F22443B1-0A97-4BF5-A3D7-23E03EBF8F7D}"
EndProject
Project("{FAE04EC0-301F-11D3-BF4B-00C04F79EFBC}") = "KT6", "KT6\KT6\KT6.csproj", "{912C2D1F-9D3B-452E-961B-A0E7332DD6BD}"
EndProject
Global
	GlobalSection(SolutionConfigurationPlatforms) = preSolution
		Debug|Any CPU = Debug|Any CPU
		Release|Any CPU = Release|Any CPU
	EndGlobalSection
	GlobalSection(ProjectConfigurationPlatforms) = postSolution
		{36F7A694-8B56-4B57-AA61-46C735A0D172}.Debug|Any CPU.ActiveCfg = Debug|Any CPU
		{36F7A694-8B56-4B57-AA61-46C735A0D172}.Debug|Any CPU.Build.0 = Debug|Any CPU
		{36F7A694-8B56-4B57-AA61-46C735A0D172}.Release|Any CPU.ActiveCfg = Release|Any CPU
		{36F7A694-8B56-4B57-AA61-46C735A0D172}.Release|Any CPU.Build.0 = Release|Any CPU
		{924D9856-94B7-44D3-B356-A67B3C8F180E}.Debug|Any CPU.ActiveCfg = Debug|Any CPU
		{924D9856-94B7-44D3-B356-A67B3C8F180E}.Debug|Any CPU.Build.0 = Debug|Any CPU
		{924D9856-94B7-44D3-B356-A67B3C8F180E}.Release|Any CPU.ActiveCfg = Release|Any CPU
		{924D9856-94B7-44D3-B356-A67B3C8F180E}.Release|Any CPU.Build.0 = Release|Any CPU
		{E404E424-C04E-4FE5-A0DB-6D9868D2B802}.Debug|Any CPU.ActiveCfg = Debug|Any CPU
		{E404E424-C04E-4FE5-A0DB-6D9868D2B802}.Debug|Any CPU.Build.0 = Debug|Any CPU
		{E404E424-C04E-4FE5-A0DB-6D9868D2B802}.Release|Any CPU.ActiveCfg = Release|Any CPU
		{E404E424-C04E-4FE5-A0DB-6D9868D2B802}.Release|Any CPU.Build.0 = Release|Any CPU
		{F22443B1-0A97-4BF5-A3D7-23E03EBF8F7D}.Debug|Any CPU.ActiveCfg = Debug|Any CPU
		{F22443B1-0A97-4BF5-A3D7-23E03EBF8F7D}.Debug|Any CPU.Build.0 = Debug|Any CPU
		{F22443B1-0A97-4BF5-A3D7-23E03EBF8F7D}.Release|Any CPU.ActiveCfg = Release|Any CPU
		{F22443B1-0A97-4BF5-A3D7-23E03EBF8F7D}.Release|Any CPU.Build.0 = Release|Any CPU
		{912C2D1F-9D3B-452E-961B-A0E7332DD6BD}.Debug|Any CPU.ActiveCfg = Debug|Any CPU
		{912C2D1F-9D3B-452E-961B-A0E7332DD6BD}.Debug|Any CPU.Build.0 = Debug|Any CPU
		{912C2D1F-9D3B-452E-961B-A0E7332DD6BD}.Release|Any CPU.ActiveCfg = Release|Any CPU
		{912C2D1F-9D3B-452E-961B-A0E7332DD6BD}.Release|Any CPU.Build.0 = Release|Any CPU
	EndGlobalSection
	GlobalSection(SolutionProperties) = preSolution
		HideSolutionNode = FALSE
	EndGlobalSection
EndGlobal
